
Microsoft Visual Studio Solution File, Format Version 12.00
# Blend for Visual Studio 15
VisualStudioVersion = 15.0.27130.2027
MinimumVisualStudioVersion = 10.0.40219.1
Project("{FAE04EC0-301F-11D3-BF4B-00C04F79EFBC}") = "GestionDeTickets", "GestionDeTickets\GestionDeTickets.csproj", "{DCEC3991-90A5-49B0-BE49-1B5552A88395}"
EndProject
Global
	GlobalSection(SolutionConfigurationPlatforms) = preSolution
		Debug|Any CPU = Debug|Any CPU
		Release|Any CPU = Release|Any CPU
	EndGlobalSection
	GlobalSection(ProjectConfigurationPlatforms) = postSolution
		{DCEC3991-90A5-49B0-BE49-1B5552A88395}.Debug|Any CPU.ActiveCfg = Debug|Any CPU
		{DCEC3991-90A5-49B0-BE49-1B5552A88395}.Debug|Any CPU.Build.0 = Debug|Any CPU
		{DCEC3991-90A5-49B0-BE49-1B5552A88395}.Release|Any CPU.ActiveCfg = Release|Any CPU
		{DCEC3991-90A5-49B0-BE49-1B5552A88395}.Release|Any CPU.Build.0 = Release|Any CPU
	EndGlobalSection
	GlobalSection(SolutionProperties) = preSolution
		HideSolutionNode = FALSE
	EndGlobalSection
	GlobalSection(ExtensibilityGlobals) = postSolution
		SolutionGuid = {AE80D192-FB33-4A39-B5F1-8CD688271303}
	EndGlobalSection
EndGlobal
